
Microsoft Visual Studio Solution File, Format Version 12.00
# Visual Studio Version 17
VisualStudioVersion = 17.7.34202.233
MinimumVisualStudioVersion = 10.0.40219.1
Project("{FAE04EC0-301F-11D3-BF4B-00C04F79EFBC}") = "Petrus_Vlad_Lab1", "Petrus_Vlad_Lab1.csproj", "{31345250-2E85-47D5-82BE-F759CF262E78}"
EndProject
Global
	GlobalSection(SolutionConfigurationPlatforms) = preSolution
		Debug|Any CPU = Debug|Any CPU
		Release|Any CPU = Release|Any CPU
	EndGlobalSection
	GlobalSection(ProjectConfigurationPlatforms) = postSolution
		{31345250-2E85-47D5-82BE-F759CF262E78}.Debug|Any CPU.ActiveCfg = Debug|Any CPU
		{31345250-2E85-47D5-82BE-F759CF262E78}.Debug|Any CPU.Build.0 = Debug|Any CPU
		{31345250-2E85-47D5-82BE-F759CF262E78}.Release|Any CPU.ActiveCfg = Release|Any CPU
		{31345250-2E85-47D5-82BE-F759CF262E78}.Release|Any CPU.Build.0 = Release|Any CPU
	EndGlobalSection
	GlobalSection(SolutionProperties) = preSolution
		HideSolutionNode = FALSE
	EndGlobalSection
	GlobalSection(ExtensibilityGlobals) = postSolution
		SolutionGuid = {2D8DD7F0-5753-4B7E-8144-66226DAE0624}
	EndGlobalSection
EndGlobal
